// !$*UTF8*$!
{
	archiveVersion = 1;
	classes = {
	};
	objectVersion = 46;
	objects = {

/* Begin PBXBuildFile section */
		933DFBBA1EB117B1002EEE14 /* Assets.xcassets in Resources */ = {isa = PBXBuildFile; fileRef = 933DFBB91EB117B1002EEE14 /* Assets.xcassets */; };
		933DFBBD1EB117E4002EEE14 /* ViewController.swift in Sources */ = {isa = PBXBuildFile; fileRef = 933DFBBB1EB117E4002EEE14 /* ViewController.swift */; };
		933DFBBE1EB117E4002EEE14 /* AppDelegate.swift in Sources */ = {isa = PBXBuildFile; fileRef = 933DFBBC1EB117E4002EEE14 /* AppDelegate.swift */; };
		933DFBC11EB11818002EEE14 /* Main.storyboard in Resources */ = {isa = PBXBuildFile; fileRef = 933DFBBF1EB11818002EEE14 /* Main.storyboard */; };
		933DFBC41EB118D4002EEE14 /* LaunchScreen.storyboard in Resources */ = {isa = PBXBuildFile; fileRef = 933DFBC21EB118D4002EEE14 /* LaunchScreen.storyboard */; };
		9356E40D1EC26AF400AFECDB /* img in Resources */ = {isa = PBXBuildFile; fileRef = 9356E40C1EC26AF400AFECDB /* img */; };
		A009B1157B7D48918E025FCD /* Pods_Managed_View.framework in Frameworks */ = {isa = PBXBuildFile; fileRef = 8601444037E47B9FE571FDD1 /* Pods_Managed_View.framework */; };
/* End PBXBuildFile section */

/* Begin PBXFileReference section */
		39788C0B86798B4DB0B7D285 /* Pods-Managed View.debug.xcconfig */ = {isa = PBXFileReference; includeInIndex = 1; lastKnownFileType = text.xcconfig; name = "Pods-Managed View.debug.xcconfig"; path = "Pods/Target Support Files/Pods-Managed View/Pods-Managed View.debug.xcconfig"; sourceTree = "<group>"; };
		8601444037E47B9FE571FDD1 /* Pods_Managed_View.framework */ = {isa = PBXFileReference; explicitFileType = wrapper.framework; includeInIndex = 0; path = Pods_Managed_View.framework; sourceTree = BUILT_PRODUCTS_DIR; };
		933DFBB91EB117B1002EEE14 /* Assets.xcassets */ = {isa = PBXFileReference; lastKnownFileType = folder.assetcatalog; name = Assets.xcassets; path = "Managed View/Assets.xcassets"; sourceTree = SOURCE_ROOT; };
		933DFBBB1EB117E4002EEE14 /* ViewController.swift */ = {isa = PBXFileReference; fileEncoding = 4; lastKnownFileType = sourcecode.swift; name = ViewController.swift; path = "Managed View/ViewController.swift"; sourceTree = SOURCE_ROOT; };
		933DFBBC1EB117E4002EEE14 /* AppDelegate.swift */ = {isa = PBXFileReference; fileEncoding = 4; lastKnownFileType = sourcecode.swift; name = AppDelegate.swift; path = "Managed View/AppDelegate.swift"; sourceTree = SOURCE_ROOT; };
		933DFBC01EB11818002EEE14 /* Base */ = {isa = PBXFileReference; lastKnownFileType = file.storyboard; name = Base; path = "Managed View/Base.lproj/Main.storyboard"; sourceTree = SOURCE_ROOT; };
		933DFBC31EB118D4002EEE14 /* Base */ = {isa = PBXFileReference; lastKnownFileType = file.storyboard; name = Base; path = "Managed View/Base.lproj/LaunchScreen.storyboard"; sourceTree = SOURCE_ROOT; };
		933DFBC51EB11ACB002EEE14 /* Info.plist */ = {isa = PBXFileReference; lastKnownFileType = text.plist.xml; name = Info.plist; path = "Managed View/Info.plist"; sourceTree = SOURCE_ROOT; };
		9356E40C1EC26AF400AFECDB /* img */ = {isa = PBXFileReference; lastKnownFileType = folder; name = img; path = "Managed View/img"; sourceTree = SOURCE_ROOT; };
		938E753D1EB15D89000806F3 /* .gitignore */ = {isa = PBXFileReference; fileEncoding = 4; lastKnownFileType = text; path = .gitignore; sourceTree = "<group>"; };
		938E753F1EB15F74000806F3 /* README.md */ = {isa = PBXFileReference; lastKnownFileType = net.daringfireball.markdown; path = README.md; sourceTree = "<group>"; };
		93F367471ECA837200BFC414 /* screenshots */ = {isa = PBXFileReference; lastKnownFileType = folder; path = screenshots; sourceTree = "<group>"; };
		990754963F472AE78DCE3E2A /* Pods-Managed View.release.xcconfig */ = {isa = PBXFileReference; includeInIndex = 1; lastKnownFileType = text.xcconfig; name = "Pods-Managed View.release.xcconfig"; path = "Pods/Target Support Files/Pods-Managed View/Pods-Managed View.release.xcconfig"; sourceTree = "<group>"; };
		BABE64311D635D7700F4EC2B /* Managed View.app */ = {isa = PBXFileReference; explicitFileType = wrapper.application; includeInIndex = 0; path = "Managed View.app"; sourceTree = BUILT_PRODUCTS_DIR; };
/* End PBXFileReference section */

/* Begin PBXFrameworksBuildPhase section */
		BABE642E1D635D7700F4EC2B /* Frameworks */ = {
			isa = PBXFrameworksBuildPhase;
			buildActionMask = 2147483647;
			files = (
				A009B1157B7D48918E025FCD /* Pods_Managed_View.framework in Frameworks */,
			);
			runOnlyForDeploymentPostprocessing = 0;
		};
/* End PBXFrameworksBuildPhase section */

/* Begin PBXGroup section */
		16CEDB36CED47F1048BFF60F /* Frameworks */ = {
			isa = PBXGroup;
			children = (
				8601444037E47B9FE571FDD1 /* Pods_Managed_View.framework */,
			);
			name = Frameworks;
			sourceTree = "<group>";
		};
		BABE64281D635D7700F4EC2B = {
			isa = PBXGroup;
			children = (
				938E753F1EB15F74000806F3 /* README.md */,
				93F367471ECA837200BFC414 /* screenshots */,
				938E753D1EB15D89000806F3 /* .gitignore */,
				BABE64331D635D7700F4EC2B /* Managed View */,
				BABE64321D635D7700F4EC2B /* Products */,
				FBBFD9A643BCE2313126C57C /* Pods */,
				16CEDB36CED47F1048BFF60F /* Frameworks */,
			);
			sourceTree = "<group>";
		};
		BABE64321D635D7700F4EC2B /* Products */ = {
			isa = PBXGroup;
			children = (
				BABE64311D635D7700F4EC2B /* Managed View.app */,
			);
			name = Products;
			sourceTree = "<group>";
		};
		BABE64331D635D7700F4EC2B /* Managed View */ = {
			isa = PBXGroup;
			children = (
				9356E40C1EC26AF400AFECDB /* img */,
				933DFBBB1EB117E4002EEE14 /* ViewController.swift */,
				933DFBBC1EB117E4002EEE14 /* AppDelegate.swift */,
				933DFBB91EB117B1002EEE14 /* Assets.xcassets */,
				933DFBBF1EB11818002EEE14 /* Main.storyboard */,
				933DFBC51EB11ACB002EEE14 /* Info.plist */,
				933DFBC21EB118D4002EEE14 /* LaunchScreen.storyboard */,
			);
			name = "Managed View";
			path = "Direct View";
			sourceTree = "<group>";
		};
		FBBFD9A643BCE2313126C57C /* Pods */ = {
			isa = PBXGroup;
			children = (
				39788C0B86798B4DB0B7D285 /* Pods-Managed View.debug.xcconfig */,
				990754963F472AE78DCE3E2A /* Pods-Managed View.release.xcconfig */,
			);
			name = Pods;
			sourceTree = "<group>";
		};
/* End PBXGroup section */

/* Begin PBXNativeTarget section */
		BABE64301D635D7700F4EC2B /* Managed View */ = {
			isa = PBXNativeTarget;
			buildConfigurationList = BABE64431D635D7700F4EC2B /* Build configuration list for PBXNativeTarget "Managed View" */;
			buildPhases = (
				F15BE9131BBF05C84396BDCB /* [CP] Check Pods Manifest.lock */,
				BABE642D1D635D7700F4EC2B /* Sources */,
				BABE642E1D635D7700F4EC2B /* Frameworks */,
				BABE642F1D635D7700F4EC2B /* Resources */,
				D68F09B75B50B623B2BB934F /* [CP] Embed Pods Frameworks */,
				37B946A829C6A609C17D276E /* [CP] Copy Pods Resources */,
			);
			buildRules = (
			);
			dependencies = (
			);
			name = "Managed View";
			productName = "Direct View";
			productReference = BABE64311D635D7700F4EC2B /* Managed View.app */;
			productType = "com.apple.product-type.application";
		};
/* End PBXNativeTarget section */

/* Begin PBXProject section */
		BABE64291D635D7700F4EC2B /* Project object */ = {
			isa = PBXProject;
			attributes = {
				LastSwiftUpdateCheck = 0730;
				LastUpgradeCheck = 1220;
				ORGANIZATIONNAME = "Aaron Maxim";
				TargetAttributes = {
					BABE64301D635D7700F4EC2B = {
						CreatedOnToolsVersion = 7.3.1;
						DevelopmentTeam = P994T22Q7J;
						LastSwiftMigration = 1100;
					};
				};
			};
			buildConfigurationList = BABE642C1D635D7700F4EC2B /* Build configuration list for PBXProject "Managed View" */;
			compatibilityVersion = "Xcode 3.2";
			developmentRegion = en;
			hasScannedForEncodings = 0;
			knownRegions = (
				en,
				Base,
			);
			mainGroup = BABE64281D635D7700F4EC2B;
			productRefGroup = BABE64321D635D7700F4EC2B /* Products */;
			projectDirPath = "";
			projectRoot = "";
			targets = (
				BABE64301D635D7700F4EC2B /* Managed View */,
			);
		};
/* End PBXProject section */

/* Begin PBXResourcesBuildPhase section */
		BABE642F1D635D7700F4EC2B /* Resources */ = {
			isa = PBXResourcesBuildPhase;
			buildActionMask = 2147483647;
			files = (
				9356E40D1EC26AF400AFECDB /* img in Resources */,
				933DFBC41EB118D4002EEE14 /* LaunchScreen.storyboard in Resources */,
				933DFBBA1EB117B1002EEE14 /* Assets.xcassets in Resources */,
				933DFBC11EB11818002EEE14 /* Main.storyboard in Resources */,
			);
			runOnlyForDeploymentPostprocessing = 0;
		};
/* End PBXResourcesBuildPhase section */

/* Begin PBXShellScriptBuildPhase section */
		37B946A829C6A609C17D276E /* [CP] Copy Pods Resources */ = {
			isa = PBXShellScriptBuildPhase;
			buildActionMask = 2147483647;
			files = (
			);
			inputPaths = (
			);
			name = "[CP] Copy Pods Resources";
			outputPaths = (
			);
			runOnlyForDeploymentPostprocessing = 0;
			shellPath = /bin/sh;
			shellScript = "\"${SRCROOT}/Pods/Target Support Files/Pods-Managed View/Pods-Managed View-resources.sh\"\n";
			showEnvVarsInLog = 0;
		};
		D68F09B75B50B623B2BB934F /* [CP] Embed Pods Frameworks */ = {
			isa = PBXShellScriptBuildPhase;
			buildActionMask = 2147483647;
			files = (
			);
			inputPaths = (
				"${SRCROOT}/Pods/Target Support Files/Pods-Managed View/Pods-Managed View-frameworks.sh",
				"${BUILT_PRODUCTS_DIR}/ManagedAppConfigLib/ManagedAppConfigLib.framework",
			);
			name = "[CP] Embed Pods Frameworks";
			outputPaths = (
				"${TARGET_BUILD_DIR}/${FRAMEWORKS_FOLDER_PATH}/ManagedAppConfigLib.framework",
			);
			runOnlyForDeploymentPostprocessing = 0;
			shellPath = /bin/sh;
			shellScript = "\"${SRCROOT}/Pods/Target Support Files/Pods-Managed View/Pods-Managed View-frameworks.sh\"\n";
			showEnvVarsInLog = 0;
		};
		F15BE9131BBF05C84396BDCB /* [CP] Check Pods Manifest.lock */ = {
			isa = PBXShellScriptBuildPhase;
			buildActionMask = 2147483647;
			files = (
			);
			inputPaths = (
				"${PODS_PODFILE_DIR_PATH}/Podfile.lock",
				"${PODS_ROOT}/Manifest.lock",
			);
			name = "[CP] Check Pods Manifest.lock";
			outputPaths = (
				"$(DERIVED_FILE_DIR)/Pods-Managed View-checkManifestLockResult.txt",
			);
			runOnlyForDeploymentPostprocessing = 0;
			shellPath = /bin/sh;
			shellScript = "diff \"${PODS_PODFILE_DIR_PATH}/Podfile.lock\" \"${PODS_ROOT}/Manifest.lock\" > /dev/null\nif [ $? != 0 ] ; then\n    # print error to STDERR\n    echo \"error: The sandbox is not in sync with the Podfile.lock. Run 'pod install' or update your CocoaPods installation.\" >&2\n    exit 1\nfi\n# This output is used by Xcode 'outputs' to avoid re-running this script phase.\necho \"SUCCESS\" > \"${SCRIPT_OUTPUT_FILE_0}\"\n";
			showEnvVarsInLog = 0;
		};
/* End PBXShellScriptBuildPhase section */

/* Begin PBXSourcesBuildPhase section */
		BABE642D1D635D7700F4EC2B /* Sources */ = {
			isa = PBXSourcesBuildPhase;
			buildActionMask = 2147483647;
			files = (
				933DFBBE1EB117E4002EEE14 /* AppDelegate.swift in Sources */,
				933DFBBD1EB117E4002EEE14 /* ViewController.swift in Sources */,
			);
			runOnlyForDeploymentPostprocessing = 0;
		};
/* End PBXSourcesBuildPhase section */

/* Begin PBXVariantGroup section */
		933DFBBF1EB11818002EEE14 /* Main.storyboard */ = {
			isa = PBXVariantGroup;
			children = (
				933DFBC01EB11818002EEE14 /* Base */,
			);
			name = Main.storyboard;
			sourceTree = "<group>";
		};
		933DFBC21EB118D4002EEE14 /* LaunchScreen.storyboard */ = {
			isa = PBXVariantGroup;
			children = (
				933DFBC31EB118D4002EEE14 /* Base */,
			);
			name = LaunchScreen.storyboard;
			sourceTree = "<group>";
		};
/* End PBXVariantGroup section */

/* Begin XCBuildConfiguration section */
		BABE64411D635D7700F4EC2B /* Debug */ = {
			isa = XCBuildConfiguration;
			buildSettings = {
				ALWAYS_SEARCH_USER_PATHS = NO;
				CLANG_ANALYZER_LOCALIZABILITY_NONLOCALIZED = YES;
				CLANG_ANALYZER_NONNULL = YES;
				CLANG_CXX_LANGUAGE_STANDARD = "gnu++0x";
				CLANG_CXX_LIBRARY = "libc++";
				CLANG_ENABLE_MODULES = YES;
				CLANG_ENABLE_OBJC_ARC = YES;
				CLANG_WARN_BLOCK_CAPTURE_AUTORELEASING = YES;
				CLANG_WARN_BOOL_CONVERSION = YES;
				CLANG_WARN_COMMA = YES;
				CLANG_WARN_CONSTANT_CONVERSION = YES;
				CLANG_WARN_DEPRECATED_OBJC_IMPLEMENTATIONS = YES;
				CLANG_WARN_DIRECT_OBJC_ISA_USAGE = YES_ERROR;
				CLANG_WARN_EMPTY_BODY = YES;
				CLANG_WARN_ENUM_CONVERSION = YES;
				CLANG_WARN_INFINITE_RECURSION = YES;
				CLANG_WARN_INT_CONVERSION = YES;
				CLANG_WARN_NON_LITERAL_NULL_CONVERSION = YES;
				CLANG_WARN_OBJC_IMPLICIT_RETAIN_SELF = YES;
				CLANG_WARN_OBJC_LITERAL_CONVERSION = YES;
				CLANG_WARN_OBJC_ROOT_CLASS = YES_ERROR;
				CLANG_WARN_QUOTED_INCLUDE_IN_FRAMEWORK_HEADER = YES;
				CLANG_WARN_RANGE_LOOP_ANALYSIS = YES;
				CLANG_WARN_STRICT_PROTOTYPES = YES;
				CLANG_WARN_SUSPICIOUS_MOVE = YES;
				CLANG_WARN_UNREACHABLE_CODE = YES;
				CLANG_WARN__DUPLICATE_METHOD_MATCH = YES;
				CODE_SIGN_IDENTITY = "iPhone Developer";
				"CODE_SIGN_IDENTITY[sdk=iphoneos*]" = "iPhone Developer";
				COPY_PHASE_STRIP = NO;
				DEBUG_ACTIVITY_MODE = "";
				"DEBUG_ACTIVITY_MODE[sdk=iphonesimulator*]" = default;
				DEBUG_INFORMATION_FORMAT = dwarf;
				ENABLE_STRICT_OBJC_MSGSEND = YES;
				ENABLE_TESTABILITY = YES;
				GCC_C_LANGUAGE_STANDARD = gnu99;
				GCC_DYNAMIC_NO_PIC = NO;
				GCC_NO_COMMON_BLOCKS = YES;
				GCC_OPTIMIZATION_LEVEL = 0;
				GCC_PREPROCESSOR_DEFINITIONS = (
					"DEBUG=1",
					"$(inherited)",
				);
				GCC_WARN_64_TO_32_BIT_CONVERSION = YES;
				GCC_WARN_ABOUT_RETURN_TYPE = YES_ERROR;
				GCC_WARN_UNDECLARED_SELECTOR = YES;
				GCC_WARN_UNINITIALIZED_AUTOS = YES_AGGRESSIVE;
				GCC_WARN_UNUSED_FUNCTION = YES;
				GCC_WARN_UNUSED_VARIABLE = YES;
				IPHONEOS_DEPLOYMENT_TARGET = 12.0;
				MTL_ENABLE_DEBUG_INFO = YES;
				ONLY_ACTIVE_ARCH = YES;
				SDKROOT = iphoneos;
				SWIFT_OPTIMIZATION_LEVEL = "-Onone";
				TARGETED_DEVICE_FAMILY = "1,2";
			};
			name = Debug;
		};
		BABE64421D635D7700F4EC2B /* Release */ = {
			isa = XCBuildConfiguration;
			buildSettings = {
				ALWAYS_SEARCH_USER_PATHS = NO;
				CLANG_ANALYZER_LOCALIZABILITY_NONLOCALIZED = YES;
				CLANG_ANALYZER_NONNULL = YES;
				CLANG_CXX_LANGUAGE_STANDARD = "gnu++0x";
				CLANG_CXX_LIBRARY = "libc++";
				CLANG_ENABLE_MODULES = YES;
				CLANG_ENABLE_OBJC_ARC = YES;
				CLANG_WARN_BLOCK_CAPTURE_AUTORELEASING = YES;
				CLANG_WARN_BOOL_CONVERSION = YES;
				CLANG_WARN_COMMA = YES;
				CLANG_WARN_CONSTANT_CONVERSION = YES;
				CLANG_WARN_DEPRECATED_OBJC_IMPLEMENTATIONS = YES;
				CLANG_WARN_DIRECT_OBJC_ISA_USAGE = YES_ERROR;
				CLANG_WARN_EMPTY_BODY = YES;
				CLANG_WARN_ENUM_CONVERSION = YES;
				CLANG_WARN_INFINITE_RECURSION = YES;
				CLANG_WARN_INT_CONVERSION = YES;
				CLANG_WARN_NON_LITERAL_NULL_CONVERSION = YES;
				CLANG_WARN_OBJC_IMPLICIT_RETAIN_SELF = YES;
				CLANG_WARN_OBJC_LITERAL_CONVERSION = YES;
				CLANG_WARN_OBJC_ROOT_CLASS = YES_ERROR;
				CLANG_WARN_QUOTED_INCLUDE_IN_FRAMEWORK_HEADER = YES;
				CLANG_WARN_RANGE_LOOP_ANALYSIS = YES;
				CLANG_WARN_STRICT_PROTOTYPES = YES;
				CLANG_WARN_SUSPICIOUS_MOVE = YES;
				CLANG_WARN_UNREACHABLE_CODE = YES;
				CLANG_WARN__DUPLICATE_METHOD_MATCH = YES;
				CODE_SIGN_IDENTITY = "iPhone Developer";
				"CODE_SIGN_IDENTITY[sdk=iphoneos*]" = "iPhone Developer";
				COPY_PHASE_STRIP = NO;
				DEBUG_ACTIVITY_MODE = "";
				DEBUG_INFORMATION_FORMAT = "dwarf-with-dsym";
				ENABLE_NS_ASSERTIONS = NO;
				ENABLE_STRICT_OBJC_MSGSEND = YES;
				GCC_C_LANGUAGE_STANDARD = gnu99;
				GCC_NO_COMMON_BLOCKS = YES;
				GCC_WARN_64_TO_32_BIT_CONVERSION = YES;
				GCC_WARN_ABOUT_RETURN_TYPE = YES_ERROR;
				GCC_WARN_UNDECLARED_SELECTOR = YES;
				GCC_WARN_UNINITIALIZED_AUTOS = YES_AGGRESSIVE;
				GCC_WARN_UNUSED_FUNCTION = YES;
				GCC_WARN_UNUSED_VARIABLE = YES;
				IPHONEOS_DEPLOYMENT_TARGET = 12.0;
				MTL_ENABLE_DEBUG_INFO = NO;
				SDKROOT = iphoneos;
				SWIFT_OPTIMIZATION_LEVEL = "-Owholemodule";
				TARGETED_DEVICE_FAMILY = "1,2";
				VALIDATE_PRODUCT = YES;
			};
			name = Release;
		};
		BABE64441D635D7700F4EC2B /* Debug */ = {
			isa = XCBuildConfiguration;
			baseConfigurationReference = 39788C0B86798B4DB0B7D285 /* Pods-Managed View.debug.xcconfig */;
			buildSettings = {
				ASSETCATALOG_COMPILER_APPICON_NAME = AppIcon;
				CLANG_ENABLE_MODULES = YES;
				CURRENT_PROJECT_VERSION = 61;
				DEVELOPMENT_TEAM = P994T22Q7J;
				INFOPLIST_FILE = "$(SRCROOT)/Managed View/Info.plist";
				IPHONEOS_DEPLOYMENT_TARGET = 12.0;
				LD_RUNPATH_SEARCH_PATHS = "$(inherited) @executable_path/Frameworks";
				MARKETING_VERSION = 2.3;
				PRODUCT_BUNDLE_IDENTIFIER = com.aaronmaxim.ManagedView;
				PRODUCT_NAME = "Managed View";
				SWIFT_OPTIMIZATION_LEVEL = "-Onone";
				SWIFT_VERSION = 5.0;
				TARGETED_DEVICE_FAMILY = "1,2";
			};
			name = Debug;
		};
		BABE64451D635D7700F4EC2B /* Release */ = {
			isa = XCBuildConfiguration;
			baseConfigurationReference = 990754963F472AE78DCE3E2A /* Pods-Managed View.release.xcconfig */;
			buildSettings = {
				ASSETCATALOG_COMPILER_APPICON_NAME = AppIcon;
				CLANG_ENABLE_MODULES = YES;
				CURRENT_PROJECT_VERSION = 61;
				DEVELOPMENT_TEAM = P994T22Q7J;
				INFOPLIST_FILE = "$(SRCROOT)/Managed View/Info.plist";
				IPHONEOS_DEPLOYMENT_TARGET = 12.0;
				LD_RUNPATH_SEARCH_PATHS = "$(inherited) @executable_path/Frameworks";
				MARKETING_VERSION = 2.3;
				PRODUCT_BUNDLE_IDENTIFIER = com.aaronmaxim.ManagedView;
				PRODUCT_NAME = "Managed View";
				SWIFT_VERSION = 5.0;
				TARGETED_DEVICE_FAMILY = "1,2";
			};
			name = Release;
		};
/* End XCBuildConfiguration section */

/* Begin XCConfigurationList section */
		BABE642C1D635D7700F4EC2B /* Build configuration list for PBXProject "Managed View" */ = {
			isa = XCConfigurationList;
			buildConfigurations = (
				BABE64411D635D7700F4EC2B /* Debug */,
				BABE64421D635D7700F4EC2B /* Release */,
			);
			defaultConfigurationIsVisible = 0;
			defaultConfigurationName = Release;
		};
		BABE64431D635D7700F4EC2B /* Build configuration list for PBXNativeTarget "Managed View" */ = {
			isa = XCConfigurationList;
			buildConfigurations = (
				BABE64441D635D7700F4EC2B /* Debug */,
				BABE64451D635D7700F4EC2B /* Release */,
			);
			defaultConfigurationIsVisible = 0;
			defaultConfigurationName = Release;
		};
/* End XCConfigurationList section */
	};
	rootObject = BABE64291D635D7700F4EC2B /* Project object */;
}
